
Microsoft Visual Studio Solution File, Format Version 12.00
# Visual Studio Version 17
VisualStudioVersion = 17.4.33205.214
MinimumVisualStudioVersion = 10.0.40219.1
Project("{FAE04EC0-301F-11D3-BF4B-00C04F79EFBC}") = "SimpleV2Ray", "SimpleV2Ray\SimpleV2Ray.csproj", "{114B8D45-E566-4BDD-A1E2-E08531EB9F0B}"
EndProject
Global
	GlobalSection(SolutionConfigurationPlatforms) = preSolution
		Debug|Any CPU = Debug|Any CPU
		Release|Any CPU = Release|Any CPU
	EndGlobalSection
	GlobalSection(ProjectConfigurationPlatforms) = postSolution
		{114B8D45-E566-4BDD-A1E2-E08531EB9F0B}.Debug|Any CPU.ActiveCfg = Debug|Any CPU
		{114B8D45-E566-4BDD-A1E2-E08531EB9F0B}.Debug|Any CPU.Build.0 = Debug|Any CPU
		{114B8D45-E566-4BDD-A1E2-E08531EB9F0B}.Release|Any CPU.ActiveCfg = Release|Any CPU
		{114B8D45-E566-4BDD-A1E2-E08531EB9F0B}.Release|Any CPU.Build.0 = Release|Any CPU
	EndGlobalSection
	GlobalSection(SolutionProperties) = preSolution
		HideSolutionNode = FALSE
	EndGlobalSection
	GlobalSection(ExtensibilityGlobals) = postSolution
		SolutionGuid = {B7B273B8-118A-4EF9-90F6-A6907EC62231}
	EndGlobalSection
EndGlobal
